
Microsoft Visual Studio Solution File, Format Version 12.00
# Visual Studio Version 17
VisualStudioVersion = 17.9.34723.18
MinimumVisualStudioVersion = 10.0.40219.1
Project("{FAE04EC0-301F-11D3-BF4B-00C04F79EFBC}") = "WebApplication1", "WebApplication1\WebApplication1.csproj", "{119249BB-4381-48FE-A1E4-05B3CD56DEC9}"
EndProject
Project("{E53339B2-1760-4266-BCC7-CA923CBCF16C}") = "docker-compose", "docker-compose.dcproj", "{D8D7B7F8-42BA-4573-B885-9FDB6FA642AD}"
EndProject
Global
	GlobalSection(SolutionConfigurationPlatforms) = preSolution
		Debug|Any CPU = Debug|Any CPU
		Release|Any CPU = Release|Any CPU
	EndGlobalSection
	GlobalSection(ProjectConfigurationPlatforms) = postSolution
		{119249BB-4381-48FE-A1E4-05B3CD56DEC9}.Debug|Any CPU.ActiveCfg = Debug|Any CPU
		{119249BB-4381-48FE-A1E4-05B3CD56DEC9}.Debug|Any CPU.Build.0 = Debug|Any CPU
		{119249BB-4381-48FE-A1E4-05B3CD56DEC9}.Release|Any CPU.ActiveCfg = Release|Any CPU
		{119249BB-4381-48FE-A1E4-05B3CD56DEC9}.Release|Any CPU.Build.0 = Release|Any CPU
		{D8D7B7F8-42BA-4573-B885-9FDB6FA642AD}.Debug|Any CPU.ActiveCfg = Debug|Any CPU
		{D8D7B7F8-42BA-4573-B885-9FDB6FA642AD}.Debug|Any CPU.Build.0 = Debug|Any CPU
		{D8D7B7F8-42BA-4573-B885-9FDB6FA642AD}.Release|Any CPU.ActiveCfg = Release|Any CPU
		{D8D7B7F8-42BA-4573-B885-9FDB6FA642AD}.Release|Any CPU.Build.0 = Release|Any CPU
	EndGlobalSection
	GlobalSection(SolutionProperties) = preSolution
		HideSolutionNode = FALSE
	EndGlobalSection
	GlobalSection(ExtensibilityGlobals) = postSolution
		SolutionGuid = {812CE273-CDD6-4A3F-883E-C71C02E7B43C}
	EndGlobalSection
EndGlobal
